
Microsoft Visual Studio Solution File, Format Version 12.00
# Visual Studio Version 16
VisualStudioVersion = 16.0.31410.357
MinimumVisualStudioVersion = 10.0.40219.1
Project("{FAE04EC0-301F-11D3-BF4B-00C04F79EFBC}") = "hometask1", "hometask1\hometask1.csproj", "{87759153-3838-4879-8271-8CB4E3D3094C}"
EndProject
Global
	GlobalSection(SolutionConfigurationPlatforms) = preSolution
		Debug|Any CPU = Debug|Any CPU
		Release|Any CPU = Release|Any CPU
	EndGlobalSection
	GlobalSection(ProjectConfigurationPlatforms) = postSolution
		{87759153-3838-4879-8271-8CB4E3D3094C}.Debug|Any CPU.ActiveCfg = Debug|Any CPU
		{87759153-3838-4879-8271-8CB4E3D3094C}.Debug|Any CPU.Build.0 = Debug|Any CPU
		{87759153-3838-4879-8271-8CB4E3D3094C}.Release|Any CPU.ActiveCfg = Release|Any CPU
		{87759153-3838-4879-8271-8CB4E3D3094C}.Release|Any CPU.Build.0 = Release|Any CPU
	EndGlobalSection
	GlobalSection(SolutionProperties) = preSolution
		HideSolutionNode = FALSE
	EndGlobalSection
	GlobalSection(ExtensibilityGlobals) = postSolution
		SolutionGuid = {5269BFBE-530E-4F6F-AF2B-A498F6A73C52}
	EndGlobalSection
EndGlobal
